// !$*UTF8*$!
{
	archiveVersion = 1;
	classes = {
	};
	objectVersion = 46;
	objects = {

/* Begin PBXBuildFile section */
		1D6BF2DC04E2DE6772FA29F4D61D506A /* iAd.framework in Frameworks */ = {isa = PBXBuildFile; fileRef = 2F8431EE90FB933B7FCC6779F974E448 /* iAd.framework */; };
		58DE3A8728F76A5541948C9E2380EA8A /* Images.xcassets in Resources */ = {isa = PBXBuildFile; fileRef = 5CCA15E73FE1FC035F17D9C7F1A346B8 /* Images.xcassets */; };
		65DDFB5EB7050F91A71064138D559885 /* Launch.xib in Resources */ = {isa = PBXBuildFile; fileRef = 685AB9B80EFD02F3434A7F835232DEA3 /* Launch.xib */; };
		68EEAD9F521F9E7E13D000277E00C6EC /* TRFavoriteController.m in Sources */ = {isa = PBXBuildFile; fileRef = 4DCE086F1ABDBE0976EF2F41F4F788E7 /* TRFavoriteController.m */; };
		696C388C6D7C82A36FE0E1A2856C71FB /* Localizable.strings in Resources */ = {isa = PBXBuildFile; fileRef = 5DFFBC4EADF7C95C520D3AC3B58FBB12 /* Localizable.strings */; };
		6FEFAE4C72EAC4AEF56D2C84FBE6E780 /* Main.storyboard in Resources */ = {isa = PBXBuildFile; fileRef = 0CDF6B4120E8EFBB2B0B677F2A991CEF /* Main.storyboard */; };
		73708F439CAF6AB71B367051C13EB043 /* TRRadio.m in Sources */ = {isa = PBXBuildFile; fileRef = DAD62E6316B6E433DABB4E9F7E5F8713 /* TRRadio.m */; };
		74A83C71BD8351FD61CC01391881645C /* InfoPlist.strings in Resources */ = {isa = PBXBuildFile; fileRef = C54F0ADAFB53D66222C232B8942EE085 /* InfoPlist.strings */; };
		76DD837B3ED13ECD7D49B0F0AC16B3E8 /* TRSettingController.m in Sources */ = {isa = PBXBuildFile; fileRef = FDA6C43835F7F3BCCAEB2FF8419B95DF /* TRSettingController.m */; };
		82F4D9E7C312693930C34B18BA3FE9AB /* TRListViewController.m in Sources */ = {isa = PBXBuildFile; fileRef = AF5C6BB360A0848A8DEF16EB988F240D /* TRListViewController.m */; };
		841C415F6224CE840D3DDA16800D8895 /* AppDelegate.m in Sources */ = {isa = PBXBuildFile; fileRef = FB7B29108F69585D3F2B459972C963B8 /* AppDelegate.m */; };
		F04209FEE075051CA359002708993284 /* main.m in Sources */ = {isa = PBXBuildFile; fileRef = 92DF1D35A04440EF667B5DDF5B76BB5C /* main.m */; };
		FDB8779E4AEF746CD51166FB0FD0F6A7 /* TRUtility.m in Sources */ = {isa = PBXBuildFile; fileRef = E3F694A96AE63AD3F8831DE338D4546F /* TRUtility.m */; };
		FDEE80DC8301359108EE64F2 /* libPods.a in Frameworks */ = {isa = PBXBuildFile; fileRef = E290CBF68A63B5F364F12F55 /* libPods.a */; };
/* End PBXBuildFile section */

/* Begin PBXFileReference section */
		097D9ACF71C9F25BBCFF8CC6219B7201 /* zh-Hant */ = {isa = PBXFileReference; lastKnownFileType = text.plist.strings; name = "zh-Hant"; path = "zh-Hant.lproj/InfoPlist.strings"; sourceTree = "<group>"; };
		1A6FA940B929A86D79BF1DEEB5F9A9DB /* Base */ = {isa = PBXFileReference; lastKnownFileType = text.plist.strings; name = Base; path = Base.lproj/InfoPlist.strings; sourceTree = "<group>"; };
		1E7546071A1777CC1B10F508057B29D8 /* en */ = {isa = PBXFileReference; lastKnownFileType = text.plist.strings; name = en; path = en.lproj/InfoPlist.strings; sourceTree = "<group>"; };
		1E9903E36CC4E7C68B3B270F31E384F3 /* TRUtility.h */ = {isa = PBXFileReference; fileEncoding = 4; lastKnownFileType = sourcecode.c.h; path = TRUtility.h; sourceTree = "<group>"; };
		2F5ACC2AFEE3AEFBDBFE86D0726E99FD /* zh-Hans */ = {isa = PBXFileReference; lastKnownFileType = text.plist.strings; name = "zh-Hans"; path = "zh-Hans.lproj/Main.strings"; sourceTree = "<group>"; };
		2F8431EE90FB933B7FCC6779F974E448 /* iAd.framework */ = {isa = PBXFileReference; lastKnownFileType = wrapper.framework; name = iAd.framework; path = System/Library/Frameworks/iAd.framework; sourceTree = SDKROOT; };
		3E9EF072B62AA7A48D4F195C6754C5AF /* TRListViewController.h */ = {isa = PBXFileReference; fileEncoding = 4; lastKnownFileType = sourcecode.c.h; path = TRListViewController.h; sourceTree = "<group>"; };
		406432DB76B55D11257EBAA7C53A7138 /* TRSettingController.h */ = {isa = PBXFileReference; fileEncoding = 4; lastKnownFileType = sourcecode.c.h; path = TRSettingController.h; sourceTree = "<group>"; };
		49863F9E79351BECAA010476D7B244DB /* Base */ = {isa = PBXFileReference; lastKnownFileType = text.plist.strings; name = Base; path = Base.lproj/Localizable.strings; sourceTree = "<group>"; };
		4DCE086F1ABDBE0976EF2F41F4F788E7 /* TRFavoriteController.m */ = {isa = PBXFileReference; fileEncoding = 4; lastKnownFileType = sourcecode.c.objc; path = TRFavoriteController.m; sourceTree = "<group>"; };
		5CCA15E73FE1FC035F17D9C7F1A346B8 /* Images.xcassets */ = {isa = PBXFileReference; lastKnownFileType = folder.assetcatalog; name = Images.xcassets; path = TaiwanRadio/Images.xcassets; sourceTree = "<group>"; };
		679FEBD608CD0C7018D0DC24CAA5FBE1 /* zh-Hant */ = {isa = PBXFileReference; lastKnownFileType = text.plist.strings; name = "zh-Hant"; path = "zh-Hant.lproj/Main.strings"; sourceTree = "<group>"; };
		67E82818EEB0DC734A3EA69CA4777A4D /* Info.plist */ = {isa = PBXFileReference; lastKnownFileType = text.plist.xml; path = Info.plist; sourceTree = "<group>"; };
		685AB9B80EFD02F3434A7F835232DEA3 /* Launch.xib */ = {isa = PBXFileReference; fileEncoding = 4; lastKnownFileType = file.xib; path = Launch.xib; sourceTree = "<group>"; };
		7112834FF3BDCE743B6F390BCE7AD6FB /* en */ = {isa = PBXFileReference; lastKnownFileType = text.plist.strings; name = en; path = en.lproj/Localizable.strings; sourceTree = "<group>"; };
		81E2C0E9D8CC6CA66FB9ECBA /* Pods.release.xcconfig */ = {isa = PBXFileReference; includeInIndex = 1; lastKnownFileType = text.xcconfig; name = Pods.release.xcconfig; path = "Pods/Target Support Files/Pods/Pods.release.xcconfig"; sourceTree = "<group>"; };
		83ECFCCA06C2A758F4722D4E839D10D6 /* TRRadio.h */ = {isa = PBXFileReference; fileEncoding = 4; lastKnownFileType = sourcecode.c.h; path = TRRadio.h; sourceTree = "<group>"; };
		8D18E090C7042E8F1EA24BC35ADC058E /* en */ = {isa = PBXFileReference; lastKnownFileType = text.plist.strings; name = en; path = en.lproj/Main.strings; sourceTree = "<group>"; };
		8DF103A8662BEE5C11F0046E520C5095 /* zh-Hant */ = {isa = PBXFileReference; lastKnownFileType = text.plist.strings; name = "zh-Hant"; path = "zh-Hant.lproj/Localizable.strings"; sourceTree = "<group>"; };
		92DF1D35A04440EF667B5DDF5B76BB5C /* main.m */ = {isa = PBXFileReference; lastKnownFileType = sourcecode.c.objc; path = main.m; sourceTree = "<group>"; };
		AF5C6BB360A0848A8DEF16EB988F240D /* TRListViewController.m */ = {isa = PBXFileReference; fileEncoding = 4; lastKnownFileType = sourcecode.c.objc; path = TRListViewController.m; sourceTree = "<group>"; };
		BA45B1F9D5344561376AB54E /* Pods.debug.xcconfig */ = {isa = PBXFileReference; includeInIndex = 1; lastKnownFileType = text.xcconfig; name = Pods.debug.xcconfig; path = "Pods/Target Support Files/Pods/Pods.debug.xcconfig"; sourceTree = "<group>"; };
		BE251221A2D1012A0072494E3BABAEC0 /* zh-Hans */ = {isa = PBXFileReference; lastKnownFileType = text.plist.strings; name = "zh-Hans"; path = "zh-Hans.lproj/Localizable.strings"; sourceTree = "<group>"; };
		C1C15F17D322C6E7AF91ED8482D3BB7B /* TaiwanRadio.app */ = {isa = PBXFileReference; explicitFileType = wrapper.application; includeInIndex = 0; path = TaiwanRadio.app; sourceTree = BUILT_PRODUCTS_DIR; };
		C3B2B3FFE8297B05FCE96666978EA11C /* AppDelegate.h */ = {isa = PBXFileReference; lastKnownFileType = sourcecode.c.h; path = AppDelegate.h; sourceTree = "<group>"; };
		DAD62E6316B6E433DABB4E9F7E5F8713 /* TRRadio.m */ = {isa = PBXFileReference; fileEncoding = 4; lastKnownFileType = sourcecode.c.objc; path = TRRadio.m; sourceTree = "<group>"; };
		DE495B23E73E614AA3E8463D16FC8810 /* TRFavoriteController.h */ = {isa = PBXFileReference; fileEncoding = 4; lastKnownFileType = sourcecode.c.h; path = TRFavoriteController.h; sourceTree = "<group>"; };
		E0C0D9C34FAD2F311A1EDE2616C8D4F9 /* Base */ = {isa = PBXFileReference; lastKnownFileType = file.storyboard; name = Base; path = Base.lproj/Main.storyboard; sourceTree = "<group>"; };
		E290CBF68A63B5F364F12F55 /* libPods.a */ = {isa = PBXFileReference; explicitFileType = archive.ar; includeInIndex = 0; path = libPods.a; sourceTree = BUILT_PRODUCTS_DIR; };
		E3F694A96AE63AD3F8831DE338D4546F /* TRUtility.m */ = {isa = PBXFileReference; fileEncoding = 4; lastKnownFileType = sourcecode.c.objc; path = TRUtility.m; sourceTree = "<group>"; };
		E7FBE9DF70DB8B9D2BEA4B7926B16694 /* zh-Hans */ = {isa = PBXFileReference; lastKnownFileType = text.plist.strings; name = "zh-Hans"; path = "zh-Hans.lproj/InfoPlist.strings"; sourceTree = "<group>"; };
		FB7B29108F69585D3F2B459972C963B8 /* AppDelegate.m */ = {isa = PBXFileReference; lastKnownFileType = sourcecode.c.objc; path = AppDelegate.m; sourceTree = "<group>"; };
		FDA6C43835F7F3BCCAEB2FF8419B95DF /* TRSettingController.m */ = {isa = PBXFileReference; fileEncoding = 4; lastKnownFileType = sourcecode.c.objc; path = TRSettingController.m; sourceTree = "<group>"; };
/* End PBXFileReference section */

/* Begin PBXFrameworksBuildPhase section */
		D772BE621318D64CB9F50A3AF80DDE36 /* Frameworks */ = {
			isa = PBXFrameworksBuildPhase;
			buildActionMask = 2147483647;
			files = (
				1D6BF2DC04E2DE6772FA29F4D61D506A /* iAd.framework in Frameworks */,
				FDEE80DC8301359108EE64F2 /* libPods.a in Frameworks */,
			);
			runOnlyForDeploymentPostprocessing = 0;
		};
/* End PBXFrameworksBuildPhase section */

/* Begin PBXGroup section */
		1F99DE88639F919E1BCAC61461BF253B /* TaiwanRadio */ = {
			isa = PBXGroup;
			children = (
				C3B2B3FFE8297B05FCE96666978EA11C /* AppDelegate.h */,
				FB7B29108F69585D3F2B459972C963B8 /* AppDelegate.m */,
				685AB9B80EFD02F3434A7F835232DEA3 /* Launch.xib */,
				0CDF6B4120E8EFBB2B0B677F2A991CEF /* Main.storyboard */,
				DE495B23E73E614AA3E8463D16FC8810 /* TRFavoriteController.h */,
				4DCE086F1ABDBE0976EF2F41F4F788E7 /* TRFavoriteController.m */,
				3E9EF072B62AA7A48D4F195C6754C5AF /* TRListViewController.h */,
				AF5C6BB360A0848A8DEF16EB988F240D /* TRListViewController.m */,
				83ECFCCA06C2A758F4722D4E839D10D6 /* TRRadio.h */,
				DAD62E6316B6E433DABB4E9F7E5F8713 /* TRRadio.m */,
				406432DB76B55D11257EBAA7C53A7138 /* TRSettingController.h */,
				FDA6C43835F7F3BCCAEB2FF8419B95DF /* TRSettingController.m */,
				1E9903E36CC4E7C68B3B270F31E384F3 /* TRUtility.h */,
				E3F694A96AE63AD3F8831DE338D4546F /* TRUtility.m */,
			);
			path = TaiwanRadio;
			sourceTree = "<group>";
		};
		4ADD0EC0C1E028294CCEB734C411E06E /* Supporting Files */ = {
			isa = PBXGroup;
			children = (
				67E82818EEB0DC734A3EA69CA4777A4D /* Info.plist */,
				C54F0ADAFB53D66222C232B8942EE085 /* InfoPlist.strings */,
				5DFFBC4EADF7C95C520D3AC3B58FBB12 /* Localizable.strings */,
				92DF1D35A04440EF667B5DDF5B76BB5C /* main.m */,
			);
			name = "Supporting Files";
			path = TaiwanRadio;
			sourceTree = "<group>";
		};
		8D877C83E820DB2F10C7C0D1 /* Pods */ = {
			isa = PBXGroup;
			children = (
				BA45B1F9D5344561376AB54E /* Pods.debug.xcconfig */,
				81E2C0E9D8CC6CA66FB9ECBA /* Pods.release.xcconfig */,
			);
			name = Pods;
			sourceTree = "<group>";
		};
		905B024F828C779814CA085108201AB6 /* Frameworks */ = {
			isa = PBXGroup;
			children = (
				2F8431EE90FB933B7FCC6779F974E448 /* iAd.framework */,
				E290CBF68A63B5F364F12F55 /* libPods.a */,
			);
			name = Frameworks;
			sourceTree = "<group>";
		};
		A8FE5061BDCFE06DEF03DCEB3772E099 /* Products */ = {
			isa = PBXGroup;
			children = (
				C1C15F17D322C6E7AF91ED8482D3BB7B /* TaiwanRadio.app */,
			);
			name = Products;
			sourceTree = "<group>";
		};
		D68EAC24150E6D3A6516F7375137DD47 = {
			isa = PBXGroup;
			children = (
				905B024F828C779814CA085108201AB6 /* Frameworks */,
				A8FE5061BDCFE06DEF03DCEB3772E099 /* Products */,
				4ADD0EC0C1E028294CCEB734C411E06E /* Supporting Files */,
				1F99DE88639F919E1BCAC61461BF253B /* TaiwanRadio */,
				5CCA15E73FE1FC035F17D9C7F1A346B8 /* Images.xcassets */,
				8D877C83E820DB2F10C7C0D1 /* Pods */,
			);
			sourceTree = "<group>";
		};
/* End PBXGroup section */

/* Begin PBXNativeTarget section */
		55876EEADAA8D3FC3DD632DE4782088B /* TaiwanRadio */ = {
			isa = PBXNativeTarget;
			buildConfigurationList = 174C7FD4CBBE8644251CD6222E493F7D /* Build configuration list for PBXNativeTarget "TaiwanRadio" */;
			buildPhases = (
				7B3F721449307790CBFFDC46 /* Check Pods Manifest.lock */,
				98A0215CA33B4C6E1958792B610D2AD7 /* Sources */,
				D772BE621318D64CB9F50A3AF80DDE36 /* Frameworks */,
				393ABDAD654A2D7B55758314F9F8675B /* Resources */,
				9B9ECF46FE79A108C8641B3F /* Copy Pods Resources */,
			);
			buildRules = (
			);
			dependencies = (
			);
			name = TaiwanRadio;
			productName = TaiwanRadio;
			productReference = C1C15F17D322C6E7AF91ED8482D3BB7B /* TaiwanRadio.app */;
			productType = "com.apple.product-type.application";
		};
/* End PBXNativeTarget section */

/* Begin PBXProject section */
		A05B1179D8930AFC644106BBE58BA582 /* Project object */ = {
			isa = PBXProject;
			attributes = {
				LastUpgradeCheck = 0700;
				ORGANIZATIONNAME = "Shinren Pan";
				TargetAttributes = {
					55876EEADAA8D3FC3DD632DE4782088B = {
						CreatedOnToolsVersion = 6.3.1;
					};
				};
			};
			buildConfigurationList = 434DDAAA1DB47DD0C04C0B0677693949 /* Build configuration list for PBXProject "TaiwanRadio" */;
			compatibilityVersion = "Xcode 3.2";
			developmentRegion = English;
			hasScannedForEncodings = 0;
			knownRegions = (
				en,
				Base,
				"zh-Hant",
				"zh-Hans",
			);
			mainGroup = D68EAC24150E6D3A6516F7375137DD47;
			productRefGroup = A8FE5061BDCFE06DEF03DCEB3772E099 /* Products */;
			projectDirPath = "";
			projectRoot = "";
			targets = (
				55876EEADAA8D3FC3DD632DE4782088B /* TaiwanRadio */,
			);
		};
/* End PBXProject section */

/* Begin PBXResourcesBuildPhase section */
		393ABDAD654A2D7B55758314F9F8675B /* Resources */ = {
			isa = PBXResourcesBuildPhase;
			buildActionMask = 2147483647;
			files = (
				58DE3A8728F76A5541948C9E2380EA8A /* Images.xcassets in Resources */,
				74A83C71BD8351FD61CC01391881645C /* InfoPlist.strings in Resources */,
				65DDFB5EB7050F91A71064138D559885 /* Launch.xib in Resources */,
				696C388C6D7C82A36FE0E1A2856C71FB /* Localizable.strings in Resources */,
				6FEFAE4C72EAC4AEF56D2C84FBE6E780 /* Main.storyboard in Resources */,
			);
			runOnlyForDeploymentPostprocessing = 0;
		};
/* End PBXResourcesBuildPhase section */

/* Begin PBXShellScriptBuildPhase section */
		7B3F721449307790CBFFDC46 /* Check Pods Manifest.lock */ = {
			isa = PBXShellScriptBuildPhase;
			buildActionMask = 2147483647;
			files = (
			);
			inputPaths = (
			);
			name = "Check Pods Manifest.lock";
			outputPaths = (
			);
			runOnlyForDeploymentPostprocessing = 0;
			shellPath = /bin/sh;
			shellScript = "diff \"${PODS_ROOT}/../Podfile.lock\" \"${PODS_ROOT}/Manifest.lock\" > /dev/null\nif [[ $? != 0 ]] ; then\n    cat << EOM\nerror: The sandbox is not in sync with the Podfile.lock. Run 'pod install' or update your CocoaPods installation.\nEOM\n    exit 1\nfi\n";
			showEnvVarsInLog = 0;
		};
		9B9ECF46FE79A108C8641B3F /* Copy Pods Resources */ = {
			isa = PBXShellScriptBuildPhase;
			buildActionMask = 2147483647;
			files = (
			);
			inputPaths = (
			);
			name = "Copy Pods Resources";
			outputPaths = (
			);
			runOnlyForDeploymentPostprocessing = 0;
			shellPath = /bin/sh;
			shellScript = "\"${SRCROOT}/Pods/Target Support Files/Pods/Pods-resources.sh\"\n";
			showEnvVarsInLog = 0;
		};
/* End PBXShellScriptBuildPhase section */

/* Begin PBXSourcesBuildPhase section */
		98A0215CA33B4C6E1958792B610D2AD7 /* Sources */ = {
			isa = PBXSourcesBuildPhase;
			buildActionMask = 2147483647;
			files = (
				841C415F6224CE840D3DDA16800D8895 /* AppDelegate.m in Sources */,
				68EEAD9F521F9E7E13D000277E00C6EC /* TRFavoriteController.m in Sources */,
				82F4D9E7C312693930C34B18BA3FE9AB /* TRListViewController.m in Sources */,
				73708F439CAF6AB71B367051C13EB043 /* TRRadio.m in Sources */,
				76DD837B3ED13ECD7D49B0F0AC16B3E8 /* TRSettingController.m in Sources */,
				FDB8779E4AEF746CD51166FB0FD0F6A7 /* TRUtility.m in Sources */,
				F04209FEE075051CA359002708993284 /* main.m in Sources */,
			);
			runOnlyForDeploymentPostprocessing = 0;
		};
/* End PBXSourcesBuildPhase section */

/* Begin PBXVariantGroup section */
		0CDF6B4120E8EFBB2B0B677F2A991CEF /* Main.storyboard */ = {
			isa = PBXVariantGroup;
			children = (
				E0C0D9C34FAD2F311A1EDE2616C8D4F9 /* Base */,
				8D18E090C7042E8F1EA24BC35ADC058E /* en */,
				2F5ACC2AFEE3AEFBDBFE86D0726E99FD /* zh-Hans */,
				679FEBD608CD0C7018D0DC24CAA5FBE1 /* zh-Hant */,
			);
			name = Main.storyboard;
			sourceTree = "<group>";
		};
		5DFFBC4EADF7C95C520D3AC3B58FBB12 /* Localizable.strings */ = {
			isa = PBXVariantGroup;
			children = (
				49863F9E79351BECAA010476D7B244DB /* Base */,
				7112834FF3BDCE743B6F390BCE7AD6FB /* en */,
				BE251221A2D1012A0072494E3BABAEC0 /* zh-Hans */,
				8DF103A8662BEE5C11F0046E520C5095 /* zh-Hant */,
			);
			name = Localizable.strings;
			sourceTree = "<group>";
		};
		C54F0ADAFB53D66222C232B8942EE085 /* InfoPlist.strings */ = {
			isa = PBXVariantGroup;
			children = (
				1A6FA940B929A86D79BF1DEEB5F9A9DB /* Base */,
				1E7546071A1777CC1B10F508057B29D8 /* en */,
				E7FBE9DF70DB8B9D2BEA4B7926B16694 /* zh-Hans */,
				097D9ACF71C9F25BBCFF8CC6219B7201 /* zh-Hant */,
			);
			name = InfoPlist.strings;
			sourceTree = "<group>";
		};
/* End PBXVariantGroup section */

/* Begin XCBuildConfiguration section */
		12385641060E9156FEE94FFB38E9D1D7 /* Release */ = {
			isa = XCBuildConfiguration;
			buildSettings = {
				ALWAYS_SEARCH_USER_PATHS = NO;
				CLANG_CXX_LANGUAGE_STANDARD = "gnu++0x";
				CLANG_CXX_LIBRARY = "libc++";
				CLANG_ENABLE_MODULES = YES;
				CLANG_ENABLE_OBJC_ARC = YES;
				CLANG_WARN_BOOL_CONVERSION = YES;
				CLANG_WARN_CONSTANT_CONVERSION = YES;
				CLANG_WARN_DIRECT_OBJC_ISA_USAGE = YES_ERROR;
				CLANG_WARN_EMPTY_BODY = YES;
				CLANG_WARN_ENUM_CONVERSION = YES;
				CLANG_WARN_INT_CONVERSION = YES;
				CLANG_WARN_OBJC_ROOT_CLASS = YES_ERROR;
				CLANG_WARN_UNREACHABLE_CODE = YES;
				CLANG_WARN__DUPLICATE_METHOD_MATCH = YES;
				"CODE_SIGN_IDENTITY[sdk=iphoneos*]" = "iPhone Developer";
				COPY_PHASE_STRIP = NO;
				DEBUG_INFORMATION_FORMAT = "dwarf-with-dsym";
				ENABLE_NS_ASSERTIONS = NO;
				ENABLE_STRICT_OBJC_MSGSEND = YES;
				GCC_C_LANGUAGE_STANDARD = gnu99;
				GCC_NO_COMMON_BLOCKS = YES;
				GCC_WARN_64_TO_32_BIT_CONVERSION = YES;
				GCC_WARN_ABOUT_RETURN_TYPE = YES_ERROR;
				GCC_WARN_UNDECLARED_SELECTOR = YES;
				GCC_WARN_UNINITIALIZED_AUTOS = YES_AGGRESSIVE;
				GCC_WARN_UNUSED_FUNCTION = YES;
				GCC_WARN_UNUSED_VARIABLE = YES;
				IPHONEOS_DEPLOYMENT_TARGET = 8.3;
				MTL_ENABLE_DEBUG_INFO = NO;
				SDKROOT = iphoneos;
				VALIDATE_PRODUCT = YES;
			};
			name = Release;
		};
		40428B3EEF999D5EDCE7386A44B12472 /* Debug */ = {
			isa = XCBuildConfiguration;
			baseConfigurationReference = BA45B1F9D5344561376AB54E /* Pods.debug.xcconfig */;
			buildSettings = {
				ASSETCATALOG_COMPILER_APPICON_NAME = AppIcon;
				CODE_SIGN_IDENTITY = "iPhone Developer";
				"CODE_SIGN_IDENTITY[sdk=iphoneos*]" = "iPhone Developer";
				ENABLE_BITCODE = NO;
				INFOPLIST_FILE = TaiwanRadio/Info.plist;
				IPHONEOS_DEPLOYMENT_TARGET = 8.1;
				LD_RUNPATH_SEARCH_PATHS = "$(inherited) @executable_path/Frameworks";
				PRODUCT_BUNDLE_IDENTIFIER = "com.shinrenpan.$(PRODUCT_NAME:rfc1034identifier)";
				PRODUCT_NAME = "$(TARGET_NAME)";
				PROVISIONING_PROFILE = "";
			};
			name = Debug;
		};
		720D5AE11E560004DB60CE45D93C8886 /* Debug */ = {
			isa = XCBuildConfiguration;
			buildSettings = {
				ALWAYS_SEARCH_USER_PATHS = NO;
				CLANG_CXX_LANGUAGE_STANDARD = "gnu++0x";
				CLANG_CXX_LIBRARY = "libc++";
				CLANG_ENABLE_MODULES = YES;
				CLANG_ENABLE_OBJC_ARC = YES;
				CLANG_WARN_BOOL_CONVERSION = YES;
				CLANG_WARN_CONSTANT_CONVERSION = YES;
				CLANG_WARN_DIRECT_OBJC_ISA_USAGE = YES_ERROR;
				CLANG_WARN_EMPTY_BODY = YES;
				CLANG_WARN_ENUM_CONVERSION = YES;
				CLANG_WARN_INT_CONVERSION = YES;
				CLANG_WARN_OBJC_ROOT_CLASS = YES_ERROR;
				CLANG_WARN_UNREACHABLE_CODE = YES;
				CLANG_WARN__DUPLICATE_METHOD_MATCH = YES;
				"CODE_SIGN_IDENTITY[sdk=iphoneos*]" = "iPhone Developer";
				COPY_PHASE_STRIP = NO;
				DEBUG_INFORMATION_FORMAT = "dwarf-with-dsym";
				ENABLE_STRICT_OBJC_MSGSEND = YES;
				ENABLE_TESTABILITY = YES;
				GCC_C_LANGUAGE_STANDARD = gnu99;
				GCC_DYNAMIC_NO_PIC = NO;
				GCC_NO_COMMON_BLOCKS = YES;
				GCC_OPTIMIZATION_LEVEL = 0;
				GCC_PREPROCESSOR_DEFINITIONS = (
					"DEBUG=1",
					"$(inherited)",
				);
				GCC_SYMBOLS_PRIVATE_EXTERN = NO;
				GCC_WARN_64_TO_32_BIT_CONVERSION = YES;
				GCC_WARN_ABOUT_RETURN_TYPE = YES_ERROR;
				GCC_WARN_UNDECLARED_SELECTOR = YES;
				GCC_WARN_UNINITIALIZED_AUTOS = YES_AGGRESSIVE;
				GCC_WARN_UNUSED_FUNCTION = YES;
				GCC_WARN_UNUSED_VARIABLE = YES;
				IPHONEOS_DEPLOYMENT_TARGET = 8.3;
				MTL_ENABLE_DEBUG_INFO = YES;
				ONLY_ACTIVE_ARCH = YES;
				SDKROOT = iphoneos;
			};
			name = Debug;
		};
		B304C22224B29CFF364556C1F1F9FC2B /* Release */ = {
			isa = XCBuildConfiguration;
			baseConfigurationReference = 81E2C0E9D8CC6CA66FB9ECBA /* Pods.release.xcconfig */;
			buildSettings = {
				ASSETCATALOG_COMPILER_APPICON_NAME = AppIcon;
				CODE_SIGN_IDENTITY = "iPhone Developer";
				"CODE_SIGN_IDENTITY[sdk=iphoneos*]" = "iPhone Developer";
				ENABLE_BITCODE = NO;
				INFOPLIST_FILE = TaiwanRadio/Info.plist;
				IPHONEOS_DEPLOYMENT_TARGET = 8.1;
				LD_RUNPATH_SEARCH_PATHS = "$(inherited) @executable_path/Frameworks";
				PRODUCT_BUNDLE_IDENTIFIER = "com.shinrenpan.$(PRODUCT_NAME:rfc1034identifier)";
				PRODUCT_NAME = "$(TARGET_NAME)";
				PROVISIONING_PROFILE = "";
			};
			name = Release;
		};
/* End XCBuildConfiguration section */

/* Begin XCConfigurationList section */
		174C7FD4CBBE8644251CD6222E493F7D /* Build configuration list for PBXNativeTarget "TaiwanRadio" */ = {
			isa = XCConfigurationList;
			buildConfigurations = (
				40428B3EEF999D5EDCE7386A44B12472 /* Debug */,
				B304C22224B29CFF364556C1F1F9FC2B /* Release */,
			);
			defaultConfigurationIsVisible = 0;
			defaultConfigurationName = Release;
		};
		434DDAAA1DB47DD0C04C0B0677693949 /* Build configuration list for PBXProject "TaiwanRadio" */ = {
			isa = XCConfigurationList;
			buildConfigurations = (
				720D5AE11E560004DB60CE45D93C8886 /* Debug */,
				12385641060E9156FEE94FFB38E9D1D7 /* Release */,
			);
			defaultConfigurationIsVisible = 0;
			defaultConfigurationName = Release;
		};
/* End XCConfigurationList section */
	};
	rootObject = A05B1179D8930AFC644106BBE58BA582 /* Project object */;
}
